
Microsoft Visual Studio Solution File, Format Version 12.00
# Visual Studio Version 16
VisualStudioVersion = 16.0.29926.136
MinimumVisualStudioVersion = 10.0.40219.1
Project("{9A19103F-16F7-4668-BE54-9A1E7A4F7556}") = "SimulinkModelGenerator", "SimulinkModelGenerator\SimulinkModelGenerator.csproj", "{ECC2FD7C-BC2D-4FF1-9A95-0EB7476580B9}"
EndProject
Project("{2150E333-8FDC-42A3-9474-1A3956D46DE8}") = "Resources", "Resources", "{DB11CCE1-70B8-4255-AA41-DCAE0C90669A}"
	ProjectSection(SolutionItems) = preProject
		scope-output.png = scope-output.png
		simulink-diagram.png = simulink-diagram.png
		simulink-icon.png = simulink-icon.png
	EndProjectSection
EndProject
Project("{9A19103F-16F7-4668-BE54-9A1E7A4F7556}") = "SimulinkModelGenerator.Samples", "SimulinkModelGenerator.Samples\SimulinkModelGenerator.Samples.csproj", "{266F5B61-105D-4E39-8B44-F91A76704439}"
EndProject
Global
	GlobalSection(SolutionConfigurationPlatforms) = preSolution
		Debug|Any CPU = Debug|Any CPU
		Release|Any CPU = Release|Any CPU
	EndGlobalSection
	GlobalSection(ProjectConfigurationPlatforms) = postSolution
		{ECC2FD7C-BC2D-4FF1-9A95-0EB7476580B9}.Debug|Any CPU.ActiveCfg = Debug|Any CPU
		{ECC2FD7C-BC2D-4FF1-9A95-0EB7476580B9}.Debug|Any CPU.Build.0 = Debug|Any CPU
		{ECC2FD7C-BC2D-4FF1-9A95-0EB7476580B9}.Release|Any CPU.ActiveCfg = Release|Any CPU
		{ECC2FD7C-BC2D-4FF1-9A95-0EB7476580B9}.Release|Any CPU.Build.0 = Release|Any CPU
		{266F5B61-105D-4E39-8B44-F91A76704439}.Debug|Any CPU.ActiveCfg = Debug|Any CPU
		{266F5B61-105D-4E39-8B44-F91A76704439}.Debug|Any CPU.Build.0 = Debug|Any CPU
		{266F5B61-105D-4E39-8B44-F91A76704439}.Release|Any CPU.ActiveCfg = Release|Any CPU
		{266F5B61-105D-4E39-8B44-F91A76704439}.Release|Any CPU.Build.0 = Release|Any CPU
	EndGlobalSection
	GlobalSection(SolutionProperties) = preSolution
		HideSolutionNode = FALSE
	EndGlobalSection
	GlobalSection(ExtensibilityGlobals) = postSolution
		SolutionGuid = {5C96A387-E2A6-4F4E-AE37-36243BAF5857}
	EndGlobalSection
EndGlobal
